{
    "_meta": {
        "hash": {
            "sha256": "720e0a6567d54061cb82841b0cf6b699fcf05137945f4cca140157bcd6fd893a"
        },
        "pipfile-spec": 6,
        "requires": {
            "python_version": "3.8"
        },
        "sources": [
            {
                "name": "pypi",
                "url": "https://pypi.python.org/simple",
                "verify_ssl": true
            }
        ]
    },
    "default": {
        "chess": {
            "hashes": [
                "sha256:16fe017901201b93d73830c20ec7c36a329d2b22326f838d1bcfc55d3f63679c",
                "sha256:6fa56d88376247c8193e6ad03c10e2c0066f2a8199faf8a1587718238910c547"
            ],
            "index": "pypi",
            "version": "==1.8.0"
        }
    },
    "develop": {}
}
